
Microsoft Visual Studio Solution File, Format Version 12.00
# Visual Studio 15
VisualStudioVersion = 15.0.28307.757
MinimumVisualStudioVersion = 10.0.40219.1
Project("{FAE04EC0-301F-11D3-BF4B-00C04F79EFBC}") = "BookRegistrationEntityFramework", "BookRegistrationEntityFramework\BookRegistrationEntityFramework.csproj", "{862B4F95-D03C-44A5-AA7C-67E98AD6422E}"
EndProject
Global
	GlobalSection(SolutionConfigurationPlatforms) = preSolution
		Debug|Any CPU = Debug|Any CPU
		Release|Any CPU = Release|Any CPU
	EndGlobalSection
	GlobalSection(ProjectConfigurationPlatforms) = postSolution
		{862B4F95-D03C-44A5-AA7C-67E98AD6422E}.Debug|Any CPU.ActiveCfg = Debug|Any CPU
		{862B4F95-D03C-44A5-AA7C-67E98AD6422E}.Debug|Any CPU.Build.0 = Debug|Any CPU
		{862B4F95-D03C-44A5-AA7C-67E98AD6422E}.Release|Any CPU.ActiveCfg = Release|Any CPU
		{862B4F95-D03C-44A5-AA7C-67E98AD6422E}.Release|Any CPU.Build.0 = Release|Any CPU
	EndGlobalSection
	GlobalSection(SolutionProperties) = preSolution
		HideSolutionNode = FALSE
	EndGlobalSection
	GlobalSection(ExtensibilityGlobals) = postSolution
		SolutionGuid = {51C6C4E6-9DA2-4864-BA6D-1DDE5D183E2C}
	EndGlobalSection
EndGlobal
